
Microsoft Visual Studio Solution File, Format Version 12.00
# Visual Studio Version 17
VisualStudioVersion = 17.4.33110.190
MinimumVisualStudioVersion = 10.0.40219.1
Project("{FAE04EC0-301F-11D3-BF4B-00C04F79EFBC}") = "CSharp_teamProject", "CSharp_teamProject\CSharp_teamProject.csproj", "{CD62ED80-00E0-4703-9FE1-A0D7E54E9276}"
EndProject
Global
	GlobalSection(SolutionConfigurationPlatforms) = preSolution
		Debug|Any CPU = Debug|Any CPU
		Release|Any CPU = Release|Any CPU
	EndGlobalSection
	GlobalSection(ProjectConfigurationPlatforms) = postSolution
		{CD62ED80-00E0-4703-9FE1-A0D7E54E9276}.Debug|Any CPU.ActiveCfg = Debug|Any CPU
		{CD62ED80-00E0-4703-9FE1-A0D7E54E9276}.Debug|Any CPU.Build.0 = Debug|Any CPU
		{CD62ED80-00E0-4703-9FE1-A0D7E54E9276}.Release|Any CPU.ActiveCfg = Release|Any CPU
		{CD62ED80-00E0-4703-9FE1-A0D7E54E9276}.Release|Any CPU.Build.0 = Release|Any CPU
	EndGlobalSection
	GlobalSection(SolutionProperties) = preSolution
		HideSolutionNode = FALSE
	EndGlobalSection
	GlobalSection(ExtensibilityGlobals) = postSolution
		SolutionGuid = {C41B62B9-0687-420F-BEDB-BC0E163013E3}
	EndGlobalSection
EndGlobal
