
Microsoft Visual Studio Solution File, Format Version 12.00
# Visual Studio Version 17
VisualStudioVersion = 17.4.33110.190
MinimumVisualStudioVersion = 10.0.40219.1
Project("{FAE04EC0-301F-11D3-BF4B-00C04F79EFBC}") = "Weather", "Weather\Weather.csproj", "{9918D28D-5B8E-4891-BAAA-B1A5C277A5DC}"
EndProject
Global
	GlobalSection(SolutionConfigurationPlatforms) = preSolution
		Debug|Any CPU = Debug|Any CPU
		Release|Any CPU = Release|Any CPU
	EndGlobalSection
	GlobalSection(ProjectConfigurationPlatforms) = postSolution
		{9918D28D-5B8E-4891-BAAA-B1A5C277A5DC}.Debug|Any CPU.ActiveCfg = Debug|Any CPU
		{9918D28D-5B8E-4891-BAAA-B1A5C277A5DC}.Debug|Any CPU.Build.0 = Debug|Any CPU
		{9918D28D-5B8E-4891-BAAA-B1A5C277A5DC}.Release|Any CPU.ActiveCfg = Release|Any CPU
		{9918D28D-5B8E-4891-BAAA-B1A5C277A5DC}.Release|Any CPU.Build.0 = Release|Any CPU
	EndGlobalSection
	GlobalSection(SolutionProperties) = preSolution
		HideSolutionNode = FALSE
	EndGlobalSection
	GlobalSection(ExtensibilityGlobals) = postSolution
		SolutionGuid = {FD67770C-49B5-4C30-B11F-C764433383A2}
	EndGlobalSection
EndGlobal
